// !$*UTF8*$!
{
	archiveVersion = 1;
	classes = {
	};
	objectVersion = 46;
	objects = {

/* Begin PBXBuildFile section */
		C8E5D2641E62B0C3007EFC60 /* AppDelegate.swift in Sources */ = {isa = PBXBuildFile; fileRef = C8E5D2631E62B0C3007EFC60 /* AppDelegate.swift */; };
		C8E5D2691E62B0C3007EFC60 /* Main.storyboard in Resources */ = {isa = PBXBuildFile; fileRef = C8E5D2671E62B0C3007EFC60 /* Main.storyboard */; };
		C8E5D26B1E62B0C3007EFC60 /* Assets.xcassets in Resources */ = {isa = PBXBuildFile; fileRef = C8E5D26A1E62B0C3007EFC60 /* Assets.xcassets */; };
		C8E5D26E1E62B0C3007EFC60 /* LaunchScreen.storyboard in Resources */ = {isa = PBXBuildFile; fileRef = C8E5D26C1E62B0C3007EFC60 /* LaunchScreen.storyboard */; };
		C8E5D2961E62B45D007EFC60 /* BeaconListTableViewController.swift in Sources */ = {isa = PBXBuildFile; fileRef = C8E5D2951E62B45D007EFC60 /* BeaconListTableViewController.swift */; };
		C8E5D2981E62B963007EFC60 /* SplashViewController.swift in Sources */ = {isa = PBXBuildFile; fileRef = C8E5D2971E62B963007EFC60 /* SplashViewController.swift */; };
		C8E5D29A1E62B9BF007EFC60 /* Background.mp4 in Resources */ = {isa = PBXBuildFile; fileRef = C8E5D2991E62B9BF007EFC60 /* Background.mp4 */; };
		F642DC42B07D0AC6138BEF4D /* Pods_Aloha.framework in Frameworks */ = {isa = PBXBuildFile; fileRef = 91CDAB551A76113596E0DAB3 /* Pods_Aloha.framework */; };
/* End PBXBuildFile section */

/* Begin PBXFileReference section */
		7DC98BB050BE8E84F1BAFAD4 /* Pods-Aloha.release.xcconfig */ = {isa = PBXFileReference; includeInIndex = 1; lastKnownFileType = text.xcconfig; name = "Pods-Aloha.release.xcconfig"; path = "Pods/Target Support Files/Pods-Aloha/Pods-Aloha.release.xcconfig"; sourceTree = "<group>"; };
		91CDAB551A76113596E0DAB3 /* Pods_Aloha.framework */ = {isa = PBXFileReference; explicitFileType = wrapper.framework; includeInIndex = 0; path = Pods_Aloha.framework; sourceTree = BUILT_PRODUCTS_DIR; };
		C8E5D2601E62B0C3007EFC60 /* Aloha.app */ = {isa = PBXFileReference; explicitFileType = wrapper.application; includeInIndex = 0; path = Aloha.app; sourceTree = BUILT_PRODUCTS_DIR; };
		C8E5D2631E62B0C3007EFC60 /* AppDelegate.swift */ = {isa = PBXFileReference; lastKnownFileType = sourcecode.swift; path = AppDelegate.swift; sourceTree = "<group>"; };
		C8E5D2681E62B0C3007EFC60 /* Base */ = {isa = PBXFileReference; lastKnownFileType = file.storyboard; name = Base; path = Base.lproj/Main.storyboard; sourceTree = "<group>"; };
		C8E5D26A1E62B0C3007EFC60 /* Assets.xcassets */ = {isa = PBXFileReference; lastKnownFileType = folder.assetcatalog; path = Assets.xcassets; sourceTree = "<group>"; };
		C8E5D26D1E62B0C3007EFC60 /* Base */ = {isa = PBXFileReference; lastKnownFileType = file.storyboard; name = Base; path = Base.lproj/LaunchScreen.storyboard; sourceTree = "<group>"; };
		C8E5D26F1E62B0C3007EFC60 /* Info.plist */ = {isa = PBXFileReference; lastKnownFileType = text.plist.xml; path = Info.plist; sourceTree = "<group>"; };
		C8E5D2951E62B45D007EFC60 /* BeaconListTableViewController.swift */ = {isa = PBXFileReference; fileEncoding = 4; lastKnownFileType = sourcecode.swift; path = BeaconListTableViewController.swift; sourceTree = "<group>"; };
		C8E5D2971E62B963007EFC60 /* SplashViewController.swift */ = {isa = PBXFileReference; fileEncoding = 4; lastKnownFileType = sourcecode.swift; path = SplashViewController.swift; sourceTree = "<group>"; };
		C8E5D2991E62B9BF007EFC60 /* Background.mp4 */ = {isa = PBXFileReference; lastKnownFileType = file; path = Background.mp4; sourceTree = "<group>"; };
		D1CE7AB58115EE49ECE1C774 /* Pods-Aloha.debug.xcconfig */ = {isa = PBXFileReference; includeInIndex = 1; lastKnownFileType = text.xcconfig; name = "Pods-Aloha.debug.xcconfig"; path = "Pods/Target Support Files/Pods-Aloha/Pods-Aloha.debug.xcconfig"; sourceTree = "<group>"; };
/* End PBXFileReference section */

/* Begin PBXFrameworksBuildPhase section */
		C8E5D25D1E62B0C3007EFC60 /* Frameworks */ = {
			isa = PBXFrameworksBuildPhase;
			buildActionMask = 2147483647;
			files = (
				F642DC42B07D0AC6138BEF4D /* Pods_Aloha.framework in Frameworks */,
			);
			runOnlyForDeploymentPostprocessing = 0;
		};
/* End PBXFrameworksBuildPhase section */

/* Begin PBXGroup section */
		AF05E520E9355642C07604C7 /* Frameworks */ = {
			isa = PBXGroup;
			children = (
				91CDAB551A76113596E0DAB3 /* Pods_Aloha.framework */,
			);
			name = Frameworks;
			sourceTree = "<group>";
		};
		C8E5D2571E62B0C3007EFC60 = {
			isa = PBXGroup;
			children = (
				C8E5D2621E62B0C3007EFC60 /* Aloha */,
				C8E5D2611E62B0C3007EFC60 /* Products */,
				E54C7B3709EFFCFBBB869252 /* Pods */,
				AF05E520E9355642C07604C7 /* Frameworks */,
			);
			sourceTree = "<group>";
		};
		C8E5D2611E62B0C3007EFC60 /* Products */ = {
			isa = PBXGroup;
			children = (
				C8E5D2601E62B0C3007EFC60 /* Aloha.app */,
			);
			name = Products;
			sourceTree = "<group>";
		};
		C8E5D2621E62B0C3007EFC60 /* Aloha */ = {
			isa = PBXGroup;
			children = (
				C8E5D2631E62B0C3007EFC60 /* AppDelegate.swift */,
				C8E5D2951E62B45D007EFC60 /* BeaconListTableViewController.swift */,
				C8E5D2971E62B963007EFC60 /* SplashViewController.swift */,
				C8E5D2671E62B0C3007EFC60 /* Main.storyboard */,
				C8E5D26A1E62B0C3007EFC60 /* Assets.xcassets */,
				C8E5D2991E62B9BF007EFC60 /* Background.mp4 */,
				C8E5D26C1E62B0C3007EFC60 /* LaunchScreen.storyboard */,
				C8E5D26F1E62B0C3007EFC60 /* Info.plist */,
			);
			path = Aloha;
			sourceTree = "<group>";
		};
		E54C7B3709EFFCFBBB869252 /* Pods */ = {
			isa = PBXGroup;
			children = (
				D1CE7AB58115EE49ECE1C774 /* Pods-Aloha.debug.xcconfig */,
				7DC98BB050BE8E84F1BAFAD4 /* Pods-Aloha.release.xcconfig */,
			);
			name = Pods;
			sourceTree = "<group>";
		};
/* End PBXGroup section */

/* Begin PBXNativeTarget section */
		C8E5D25F1E62B0C3007EFC60 /* Aloha */ = {
			isa = PBXNativeTarget;
			buildConfigurationList = C8E5D2721E62B0C3007EFC60 /* Build configuration list for PBXNativeTarget "Aloha" */;
			buildPhases = (
				6EC7B6B64D4C374A50B98E23 /* [CP] Check Pods Manifest.lock */,
				C8E5D25C1E62B0C3007EFC60 /* Sources */,
				C8E5D25D1E62B0C3007EFC60 /* Frameworks */,
				C8E5D25E1E62B0C3007EFC60 /* Resources */,
				0BE024D15448FC92A1A342C6 /* [CP] Embed Pods Frameworks */,
				8551444AA9FC1AEED8249741 /* [CP] Copy Pods Resources */,
			);
			buildRules = (
			);
			dependencies = (
			);
			name = Aloha;
			productName = Aloha;
			productReference = C8E5D2601E62B0C3007EFC60 /* Aloha.app */;
			productType = "com.apple.product-type.application";
		};
/* End PBXNativeTarget section */

/* Begin PBXProject section */
		C8E5D2581E62B0C3007EFC60 /* Project object */ = {
			isa = PBXProject;
			attributes = {
				LastSwiftUpdateCheck = 0820;
				LastUpgradeCheck = 0820;
				ORGANIZATIONNAME = "Wilson Ding";
				TargetAttributes = {
					C8E5D25F1E62B0C3007EFC60 = {
						CreatedOnToolsVersion = 8.2.1;
						DevelopmentTeam = Z88HQX98VL;
						ProvisioningStyle = Automatic;
					};
				};
			};
			buildConfigurationList = C8E5D25B1E62B0C3007EFC60 /* Build configuration list for PBXProject "Aloha" */;
			compatibilityVersion = "Xcode 3.2";
			developmentRegion = English;
			hasScannedForEncodings = 0;
			knownRegions = (
				en,
				Base,
			);
			mainGroup = C8E5D2571E62B0C3007EFC60;
			productRefGroup = C8E5D2611E62B0C3007EFC60 /* Products */;
			projectDirPath = "";
			projectRoot = "";
			targets = (
				C8E5D25F1E62B0C3007EFC60 /* Aloha */,
			);
		};
/* End PBXProject section */

/* Begin PBXResourcesBuildPhase section */
		C8E5D25E1E62B0C3007EFC60 /* Resources */ = {
			isa = PBXResourcesBuildPhase;
			buildActionMask = 2147483647;
			files = (
				C8E5D26E1E62B0C3007EFC60 /* LaunchScreen.storyboard in Resources */,
				C8E5D29A1E62B9BF007EFC60 /* Background.mp4 in Resources */,
				C8E5D26B1E62B0C3007EFC60 /* Assets.xcassets in Resources */,
				C8E5D2691E62B0C3007EFC60 /* Main.storyboard in Resources */,
			);
			runOnlyForDeploymentPostprocessing = 0;
		};
/* End PBXResourcesBuildPhase section */

/* Begin PBXShellScriptBuildPhase section */
		0BE024D15448FC92A1A342C6 /* [CP] Embed Pods Frameworks */ = {
			isa = PBXShellScriptBuildPhase;
			buildActionMask = 2147483647;
			files = (
			);
			inputPaths = (
			);
			name = "[CP] Embed Pods Frameworks";
			outputPaths = (
			);
			runOnlyForDeploymentPostprocessing = 0;
			shellPath = /bin/sh;
			shellScript = "\"${SRCROOT}/Pods/Target Support Files/Pods-Aloha/Pods-Aloha-frameworks.sh\"\n";
			showEnvVarsInLog = 0;
		};
		6EC7B6B64D4C374A50B98E23 /* [CP] Check Pods Manifest.lock */ = {
			isa = PBXShellScriptBuildPhase;
			buildActionMask = 2147483647;
			files = (
			);
			inputPaths = (
			);
			name = "[CP] Check Pods Manifest.lock";
			outputPaths = (
			);
			runOnlyForDeploymentPostprocessing = 0;
			shellPath = /bin/sh;
			shellScript = "diff \"${PODS_ROOT}/../Podfile.lock\" \"${PODS_ROOT}/Manifest.lock\" > /dev/null\nif [ $? != 0 ] ; then\n    # print error to STDERR\n    echo \"error: The sandbox is not in sync with the Podfile.lock. Run 'pod install' or update your CocoaPods installation.\" >&2\n    exit 1\nfi\n";
			showEnvVarsInLog = 0;
		};
		8551444AA9FC1AEED8249741 /* [CP] Copy Pods Resources */ = {
			isa = PBXShellScriptBuildPhase;
			buildActionMask = 2147483647;
			files = (
			);
			inputPaths = (
			);
			name = "[CP] Copy Pods Resources";
			outputPaths = (
			);
			runOnlyForDeploymentPostprocessing = 0;
			shellPath = /bin/sh;
			shellScript = "\"${SRCROOT}/Pods/Target Support Files/Pods-Aloha/Pods-Aloha-resources.sh\"\n";
			showEnvVarsInLog = 0;
		};
/* End PBXShellScriptBuildPhase section */

/* Begin PBXSourcesBuildPhase section */
		C8E5D25C1E62B0C3007EFC60 /* Sources */ = {
			isa = PBXSourcesBuildPhase;
			buildActionMask = 2147483647;
			files = (
				C8E5D2981E62B963007EFC60 /* SplashViewController.swift in Sources */,
				C8E5D2961E62B45D007EFC60 /* BeaconListTableViewController.swift in Sources */,
				C8E5D2641E62B0C3007EFC60 /* AppDelegate.swift in Sources */,
			);
			runOnlyForDeploymentPostprocessing = 0;
		};
/* End PBXSourcesBuildPhase section */

/* Begin PBXVariantGroup section */
		C8E5D2671E62B0C3007EFC60 /* Main.storyboard */ = {
			isa = PBXVariantGroup;
			children = (
				C8E5D2681E62B0C3007EFC60 /* Base */,
			);
			name = Main.storyboard;
			sourceTree = "<group>";
		};
		C8E5D26C1E62B0C3007EFC60 /* LaunchScreen.storyboard */ = {
			isa = PBXVariantGroup;
			children = (
				C8E5D26D1E62B0C3007EFC60 /* Base */,
			);
			name = LaunchScreen.storyboard;
			sourceTree = "<group>";
		};
/* End PBXVariantGroup section */

/* Begin XCBuildConfiguration section */
		C8E5D2701E62B0C3007EFC60 /* Debug */ = {
			isa = XCBuildConfiguration;
			buildSettings = {
				ALWAYS_SEARCH_USER_PATHS = NO;
				CLANG_ANALYZER_NONNULL = YES;
				CLANG_CXX_LANGUAGE_STANDARD = "gnu++0x";
				CLANG_CXX_LIBRARY = "libc++";
				CLANG_ENABLE_MODULES = YES;
				CLANG_ENABLE_OBJC_ARC = YES;
				CLANG_WARN_BOOL_CONVERSION = YES;
				CLANG_WARN_CONSTANT_CONVERSION = YES;
				CLANG_WARN_DIRECT_OBJC_ISA_USAGE = YES_ERROR;
				CLANG_WARN_DOCUMENTATION_COMMENTS = YES;
				CLANG_WARN_EMPTY_BODY = YES;
				CLANG_WARN_ENUM_CONVERSION = YES;
				CLANG_WARN_INFINITE_RECURSION = YES;
				CLANG_WARN_INT_CONVERSION = YES;
				CLANG_WARN_OBJC_ROOT_CLASS = YES_ERROR;
				CLANG_WARN_SUSPICIOUS_MOVE = YES;
				CLANG_WARN_UNREACHABLE_CODE = YES;
				CLANG_WARN__DUPLICATE_METHOD_MATCH = YES;
				"CODE_SIGN_IDENTITY[sdk=iphoneos*]" = "iPhone Developer";
				COPY_PHASE_STRIP = NO;
				DEBUG_INFORMATION_FORMAT = dwarf;
				ENABLE_STRICT_OBJC_MSGSEND = YES;
				ENABLE_TESTABILITY = YES;
				GCC_C_LANGUAGE_STANDARD = gnu99;
				GCC_DYNAMIC_NO_PIC = NO;
				GCC_NO_COMMON_BLOCKS = YES;
				GCC_OPTIMIZATION_LEVEL = 0;
				GCC_PREPROCESSOR_DEFINITIONS = (
					"DEBUG=1",
					"$(inherited)",
				);
				GCC_WARN_64_TO_32_BIT_CONVERSION = YES;
				GCC_WARN_ABOUT_RETURN_TYPE = YES_ERROR;
				GCC_WARN_UNDECLARED_SELECTOR = YES;
				GCC_WARN_UNINITIALIZED_AUTOS = YES_AGGRESSIVE;
				GCC_WARN_UNUSED_FUNCTION = YES;
				GCC_WARN_UNUSED_VARIABLE = YES;
				IPHONEOS_DEPLOYMENT_TARGET = 10.2;
				MTL_ENABLE_DEBUG_INFO = YES;
				ONLY_ACTIVE_ARCH = YES;
				SDKROOT = iphoneos;
				SWIFT_ACTIVE_COMPILATION_CONDITIONS = DEBUG;
				SWIFT_OPTIMIZATION_LEVEL = "-Onone";
			};
			name = Debug;
		};
		C8E5D2711E62B0C3007EFC60 /* Release */ = {
			isa = XCBuildConfiguration;
			buildSettings = {
				ALWAYS_SEARCH_USER_PATHS = NO;
				CLANG_ANALYZER_NONNULL = YES;
				CLANG_CXX_LANGUAGE_STANDARD = "gnu++0x";
				CLANG_CXX_LIBRARY = "libc++";
				CLANG_ENABLE_MODULES = YES;
				CLANG_ENABLE_OBJC_ARC = YES;
				CLANG_WARN_BOOL_CONVERSION = YES;
				CLANG_WARN_CONSTANT_CONVERSION = YES;
				CLANG_WARN_DIRECT_OBJC_ISA_USAGE = YES_ERROR;
				CLANG_WARN_DOCUMENTATION_COMMENTS = YES;
				CLANG_WARN_EMPTY_BODY = YES;
				CLANG_WARN_ENUM_CONVERSION = YES;
				CLANG_WARN_INFINITE_RECURSION = YES;
				CLANG_WARN_INT_CONVERSION = YES;
				CLANG_WARN_OBJC_ROOT_CLASS = YES_ERROR;
				CLANG_WARN_SUSPICIOUS_MOVE = YES;
				CLANG_WARN_UNREACHABLE_CODE = YES;
				CLANG_WARN__DUPLICATE_METHOD_MATCH = YES;
				"CODE_SIGN_IDENTITY[sdk=iphoneos*]" = "iPhone Developer";
				COPY_PHASE_STRIP = NO;
				DEBUG_INFORMATION_FORMAT = "dwarf-with-dsym";
				ENABLE_NS_ASSERTIONS = NO;
				ENABLE_STRICT_OBJC_MSGSEND = YES;
				GCC_C_LANGUAGE_STANDARD = gnu99;
				GCC_NO_COMMON_BLOCKS = YES;
				GCC_WARN_64_TO_32_BIT_CONVERSION = YES;
				GCC_WARN_ABOUT_RETURN_TYPE = YES_ERROR;
				GCC_WARN_UNDECLARED_SELECTOR = YES;
				GCC_WARN_UNINITIALIZED_AUTOS = YES_AGGRESSIVE;
				GCC_WARN_UNUSED_FUNCTION = YES;
				GCC_WARN_UNUSED_VARIABLE = YES;
				IPHONEOS_DEPLOYMENT_TARGET = 10.2;
				MTL_ENABLE_DEBUG_INFO = NO;
				SDKROOT = iphoneos;
				SWIFT_OPTIMIZATION_LEVEL = "-Owholemodule";
				VALIDATE_PRODUCT = YES;
			};
			name = Release;
		};
		C8E5D2731E62B0C3007EFC60 /* Debug */ = {
			isa = XCBuildConfiguration;
			baseConfigurationReference = D1CE7AB58115EE49ECE1C774 /* Pods-Aloha.debug.xcconfig */;
			buildSettings = {
				ASSETCATALOG_COMPILER_APPICON_NAME = AppIcon;
				CLANG_WARN_INFINITE_RECURSION = NO;
				CLANG_WARN_SUSPICIOUS_MOVE = NO;
				DEVELOPMENT_TEAM = Z88HQX98VL;
				GCC_NO_COMMON_BLOCKS = NO;
				INFOPLIST_FILE = Aloha/Info.plist;
				LD_RUNPATH_SEARCH_PATHS = "$(inherited) @executable_path/Frameworks";
				PRODUCT_BUNDLE_IDENTIFIER = com.wilsonding.Aloha;
				PRODUCT_NAME = "$(TARGET_NAME)";
				SWIFT_VERSION = 3.0;
			};
			name = Debug;
		};
		C8E5D2741E62B0C3007EFC60 /* Release */ = {
			isa = XCBuildConfiguration;
			baseConfigurationReference = 7DC98BB050BE8E84F1BAFAD4 /* Pods-Aloha.release.xcconfig */;
			buildSettings = {
				ASSETCATALOG_COMPILER_APPICON_NAME = AppIcon;
				CLANG_WARN_INFINITE_RECURSION = NO;
				CLANG_WARN_SUSPICIOUS_MOVE = NO;
				DEVELOPMENT_TEAM = Z88HQX98VL;
				GCC_NO_COMMON_BLOCKS = NO;
				INFOPLIST_FILE = Aloha/Info.plist;
				LD_RUNPATH_SEARCH_PATHS = "$(inherited) @executable_path/Frameworks";
				PRODUCT_BUNDLE_IDENTIFIER = com.wilsonding.Aloha;
				PRODUCT_NAME = "$(TARGET_NAME)";
				SWIFT_VERSION = 3.0;
			};
			name = Release;
		};
/* End XCBuildConfiguration section */

/* Begin XCConfigurationList section */
		C8E5D25B1E62B0C3007EFC60 /* Build configuration list for PBXProject "Aloha" */ = {
			isa = XCConfigurationList;
			buildConfigurations = (
				C8E5D2701E62B0C3007EFC60 /* Debug */,
				C8E5D2711E62B0C3007EFC60 /* Release */,
			);
			defaultConfigurationIsVisible = 0;
			defaultConfigurationName = Release;
		};
		C8E5D2721E62B0C3007EFC60 /* Build configuration list for PBXNativeTarget "Aloha" */ = {
			isa = XCConfigurationList;
			buildConfigurations = (
				C8E5D2731E62B0C3007EFC60 /* Debug */,
				C8E5D2741E62B0C3007EFC60 /* Release */,
			);
			defaultConfigurationIsVisible = 0;
			defaultConfigurationName = Release;
		};
/* End XCConfigurationList section */
	};
	rootObject = C8E5D2581E62B0C3007EFC60 /* Project object */;
}
